// !$*UTF8*$!
{
	archiveVersion = 1;
	classes = {
	};
	objectVersion = 56;
	objects = {

/* Begin PBXBuildFile section */
		69032F412C4D726A00D38CAA /* NewsMobileAppApp.swift in Sources */ = {isa = PBXBuildFile; fileRef = 69032F402C4D726A00D38CAA /* NewsMobileAppApp.swift */; };
		69032F432C4D726A00D38CAA /* ContentView.swift in Sources */ = {isa = PBXBuildFile; fileRef = 69032F422C4D726A00D38CAA /* ContentView.swift */; };
		69032F452C4D726C00D38CAA /* Assets.xcassets in Resources */ = {isa = PBXBuildFile; fileRef = 69032F442C4D726C00D38CAA /* Assets.xcassets */; };
		69032F482C4D726C00D38CAA /* Preview Assets.xcassets in Resources */ = {isa = PBXBuildFile; fileRef = 69032F472C4D726C00D38CAA /* Preview Assets.xcassets */; };
		69032F542C4D7A2000D38CAA /* newslist.json in Resources */ = {isa = PBXBuildFile; fileRef = 69032F532C4D7A2000D38CAA /* newslist.json */; };
		69032F562C4D7A9F00D38CAA /* ArticleEntity.swift in Sources */ = {isa = PBXBuildFile; fileRef = 69032F552C4D7A9F00D38CAA /* ArticleEntity.swift */; };
		69032F582C4D7BEC00D38CAA /* ArticleInteractor.swift in Sources */ = {isa = PBXBuildFile; fileRef = 69032F572C4D7BEC00D38CAA /* ArticleInteractor.swift */; };
		69032F5A2C4D7CF300D38CAA /* APIResponse.swift in Sources */ = {isa = PBXBuildFile; fileRef = 69032F592C4D7CF300D38CAA /* APIResponse.swift */; };
		69032F5E2C4D7EF000D38CAA /* ArticleSingleView.swift in Sources */ = {isa = PBXBuildFile; fileRef = 69032F5D2C4D7EF000D38CAA /* ArticleSingleView.swift */; };
		69032F602C4D813E00D38CAA /* ArticleListView.swift in Sources */ = {isa = PBXBuildFile; fileRef = 69032F5F2C4D813E00D38CAA /* ArticleListView.swift */; };
		69032F622C4D83E600D38CAA /* SafariView.swift in Sources */ = {isa = PBXBuildFile; fileRef = 69032F612C4D83E600D38CAA /* SafariView.swift */; };
		69032F642C4D860A00D38CAA /* CategoryEntity.swift in Sources */ = {isa = PBXBuildFile; fileRef = 69032F632C4D860A00D38CAA /* CategoryEntity.swift */; };
		69032F662C4D870600D38CAA /* ArticleTabView.swift in Sources */ = {isa = PBXBuildFile; fileRef = 69032F652C4D870600D38CAA /* ArticleTabView.swift */; };
		69032F682C4D877400D38CAA /* ArticlePresenter.swift in Sources */ = {isa = PBXBuildFile; fileRef = 69032F672C4D877400D38CAA /* ArticlePresenter.swift */; };
		69032F6A2C4D87D700D38CAA /* PagingEntity.swift in Sources */ = {isa = PBXBuildFile; fileRef = 69032F692C4D87D700D38CAA /* PagingEntity.swift */; };
/* End PBXBuildFile section */

/* Begin PBXFileReference section */
		69032F3D2C4D726A00D38CAA /* NewsMobileApp.app */ = {isa = PBXFileReference; explicitFileType = wrapper.application; includeInIndex = 0; path = NewsMobileApp.app; sourceTree = BUILT_PRODUCTS_DIR; };
		69032F402C4D726A00D38CAA /* NewsMobileAppApp.swift */ = {isa = PBXFileReference; lastKnownFileType = sourcecode.swift; path = NewsMobileAppApp.swift; sourceTree = "<group>"; };
		69032F422C4D726A00D38CAA /* ContentView.swift */ = {isa = PBXFileReference; lastKnownFileType = sourcecode.swift; path = ContentView.swift; sourceTree = "<group>"; };
		69032F442C4D726C00D38CAA /* Assets.xcassets */ = {isa = PBXFileReference; lastKnownFileType = folder.assetcatalog; path = Assets.xcassets; sourceTree = "<group>"; };
		69032F472C4D726C00D38CAA /* Preview Assets.xcassets */ = {isa = PBXFileReference; lastKnownFileType = folder.assetcatalog; path = "Preview Assets.xcassets"; sourceTree = "<group>"; };
		69032F532C4D7A2000D38CAA /* newslist.json */ = {isa = PBXFileReference; lastKnownFileType = text.json; path = newslist.json; sourceTree = "<group>"; };
		69032F552C4D7A9F00D38CAA /* ArticleEntity.swift */ = {isa = PBXFileReference; lastKnownFileType = sourcecode.swift; path = ArticleEntity.swift; sourceTree = "<group>"; };
		69032F572C4D7BEC00D38CAA /* ArticleInteractor.swift */ = {isa = PBXFileReference; lastKnownFileType = sourcecode.swift; path = ArticleInteractor.swift; sourceTree = "<group>"; };
		69032F592C4D7CF300D38CAA /* APIResponse.swift */ = {isa = PBXFileReference; lastKnownFileType = sourcecode.swift; path = APIResponse.swift; sourceTree = "<group>"; };
		69032F5D2C4D7EF000D38CAA /* ArticleSingleView.swift */ = {isa = PBXFileReference; lastKnownFileType = sourcecode.swift; path = ArticleSingleView.swift; sourceTree = "<group>"; };
		69032F5F2C4D813E00D38CAA /* ArticleListView.swift */ = {isa = PBXFileReference; lastKnownFileType = sourcecode.swift; path = ArticleListView.swift; sourceTree = "<group>"; };
		69032F612C4D83E600D38CAA /* SafariView.swift */ = {isa = PBXFileReference; lastKnownFileType = sourcecode.swift; path = SafariView.swift; sourceTree = "<group>"; };
		69032F632C4D860A00D38CAA /* CategoryEntity.swift */ = {isa = PBXFileReference; lastKnownFileType = sourcecode.swift; path = CategoryEntity.swift; sourceTree = "<group>"; };
		69032F652C4D870600D38CAA /* ArticleTabView.swift */ = {isa = PBXFileReference; lastKnownFileType = sourcecode.swift; path = ArticleTabView.swift; sourceTree = "<group>"; };
		69032F672C4D877400D38CAA /* ArticlePresenter.swift */ = {isa = PBXFileReference; lastKnownFileType = sourcecode.swift; path = ArticlePresenter.swift; sourceTree = "<group>"; };
		69032F692C4D87D700D38CAA /* PagingEntity.swift */ = {isa = PBXFileReference; lastKnownFileType = sourcecode.swift; path = PagingEntity.swift; sourceTree = "<group>"; };
/* End PBXFileReference section */

/* Begin PBXFrameworksBuildPhase section */
		69032F3A2C4D726A00D38CAA /* Frameworks */ = {
			isa = PBXFrameworksBuildPhase;
			buildActionMask = 2147483647;
			files = (
			);
			runOnlyForDeploymentPostprocessing = 0;
		};
/* End PBXFrameworksBuildPhase section */

/* Begin PBXGroup section */
		69032F342C4D726A00D38CAA = {
			isa = PBXGroup;
			children = (
				69032F3F2C4D726A00D38CAA /* NewsMobileApp */,
				69032F3E2C4D726A00D38CAA /* Products */,
			);
			sourceTree = "<group>";
		};
		69032F3E2C4D726A00D38CAA /* Products */ = {
			isa = PBXGroup;
			children = (
				69032F3D2C4D726A00D38CAA /* NewsMobileApp.app */,
			);
			name = Products;
			sourceTree = "<group>";
		};
		69032F3F2C4D726A00D38CAA /* NewsMobileApp */ = {
			isa = PBXGroup;
			children = (
				69032F522C4D793D00D38CAA /* Router */,
				69032F512C4D793600D38CAA /* Entity */,
				69032F502C4D792A00D38CAA /* Presenter */,
				69032F4F2C4D790000D38CAA /* Interactor */,
				69032F4E2C4D78F400D38CAA /* View */,
				69032F402C4D726A00D38CAA /* NewsMobileAppApp.swift */,
				69032F422C4D726A00D38CAA /* ContentView.swift */,
				69032F442C4D726C00D38CAA /* Assets.xcassets */,
				69032F462C4D726C00D38CAA /* Preview Content */,
				69032F532C4D7A2000D38CAA /* newslist.json */,
			);
			path = NewsMobileApp;
			sourceTree = "<group>";
		};
		69032F462C4D726C00D38CAA /* Preview Content */ = {
			isa = PBXGroup;
			children = (
				69032F472C4D726C00D38CAA /* Preview Assets.xcassets */,
			);
			path = "Preview Content";
			sourceTree = "<group>";
		};
		69032F4E2C4D78F400D38CAA /* View */ = {
			isa = PBXGroup;
			children = (
				69032F5D2C4D7EF000D38CAA /* ArticleSingleView.swift */,
				69032F5F2C4D813E00D38CAA /* ArticleListView.swift */,
				69032F612C4D83E600D38CAA /* SafariView.swift */,
				69032F652C4D870600D38CAA /* ArticleTabView.swift */,
			);
			path = View;
			sourceTree = "<group>";
		};
		69032F4F2C4D790000D38CAA /* Interactor */ = {
			isa = PBXGroup;
			children = (
				69032F572C4D7BEC00D38CAA /* ArticleInteractor.swift */,
			);
			path = Interactor;
			sourceTree = "<group>";
		};
		69032F502C4D792A00D38CAA /* Presenter */ = {
			isa = PBXGroup;
			children = (
				69032F672C4D877400D38CAA /* ArticlePresenter.swift */,
			);
			path = Presenter;
			sourceTree = "<group>";
		};
		69032F512C4D793600D38CAA /* Entity */ = {
			isa = PBXGroup;
			children = (
				69032F552C4D7A9F00D38CAA /* ArticleEntity.swift */,
				69032F592C4D7CF300D38CAA /* APIResponse.swift */,
				69032F632C4D860A00D38CAA /* CategoryEntity.swift */,
				69032F692C4D87D700D38CAA /* PagingEntity.swift */,
			);
			path = Entity;
			sourceTree = "<group>";
		};
		69032F522C4D793D00D38CAA /* Router */ = {
			isa = PBXGroup;
			children = (
			);
			path = Router;
			sourceTree = "<group>";
		};
/* End PBXGroup section */

/* Begin PBXNativeTarget section */
		69032F3C2C4D726A00D38CAA /* NewsMobileApp */ = {
			isa = PBXNativeTarget;
			buildConfigurationList = 69032F4B2C4D726C00D38CAA /* Build configuration list for PBXNativeTarget "NewsMobileApp" */;
			buildPhases = (
				69032F392C4D726A00D38CAA /* Sources */,
				69032F3A2C4D726A00D38CAA /* Frameworks */,
				69032F3B2C4D726A00D38CAA /* Resources */,
			);
			buildRules = (
			);
			dependencies = (
			);
			name = NewsMobileApp;
			productName = NewsMobileApp;
			productReference = 69032F3D2C4D726A00D38CAA /* NewsMobileApp.app */;
			productType = "com.apple.product-type.application";
		};
/* End PBXNativeTarget section */

/* Begin PBXProject section */
		69032F352C4D726A00D38CAA /* Project object */ = {
			isa = PBXProject;
			attributes = {
				BuildIndependentTargetsInParallel = 1;
				LastSwiftUpdateCheck = 1540;
				LastUpgradeCheck = 1540;
				TargetAttributes = {
					69032F3C2C4D726A00D38CAA = {
						CreatedOnToolsVersion = 15.4;
					};
				};
			};
			buildConfigurationList = 69032F382C4D726A00D38CAA /* Build configuration list for PBXProject "NewsMobileApp" */;
			compatibilityVersion = "Xcode 14.0";
			developmentRegion = en;
			hasScannedForEncodings = 0;
			knownRegions = (
				en,
				Base,
			);
			mainGroup = 69032F342C4D726A00D38CAA;
			productRefGroup = 69032F3E2C4D726A00D38CAA /* Products */;
			projectDirPath = "";
			projectRoot = "";
			targets = (
				69032F3C2C4D726A00D38CAA /* NewsMobileApp */,
			);
		};
/* End PBXProject section */

/* Begin PBXResourcesBuildPhase section */
		69032F3B2C4D726A00D38CAA /* Resources */ = {
			isa = PBXResourcesBuildPhase;
			buildActionMask = 2147483647;
			files = (
				69032F482C4D726C00D38CAA /* Preview Assets.xcassets in Resources */,
				69032F542C4D7A2000D38CAA /* newslist.json in Resources */,
				69032F452C4D726C00D38CAA /* Assets.xcassets in Resources */,
			);
			runOnlyForDeploymentPostprocessing = 0;
		};
/* End PBXResourcesBuildPhase section */

/* Begin PBXSourcesBuildPhase section */
		69032F392C4D726A00D38CAA /* Sources */ = {
			isa = PBXSourcesBuildPhase;
			buildActionMask = 2147483647;
			files = (
				69032F6A2C4D87D700D38CAA /* PagingEntity.swift in Sources */,
				69032F432C4D726A00D38CAA /* ContentView.swift in Sources */,
				69032F642C4D860A00D38CAA /* CategoryEntity.swift in Sources */,
				69032F602C4D813E00D38CAA /* ArticleListView.swift in Sources */,
				69032F5E2C4D7EF000D38CAA /* ArticleSingleView.swift in Sources */,
				69032F582C4D7BEC00D38CAA /* ArticleInteractor.swift in Sources */,
				69032F682C4D877400D38CAA /* ArticlePresenter.swift in Sources */,
				69032F622C4D83E600D38CAA /* SafariView.swift in Sources */,
				69032F562C4D7A9F00D38CAA /* ArticleEntity.swift in Sources */,
				69032F662C4D870600D38CAA /* ArticleTabView.swift in Sources */,
				69032F5A2C4D7CF300D38CAA /* APIResponse.swift in Sources */,
				69032F412C4D726A00D38CAA /* NewsMobileAppApp.swift in Sources */,
			);
			runOnlyForDeploymentPostprocessing = 0;
		};
/* End PBXSourcesBuildPhase section */

/* Begin XCBuildConfiguration section */
		69032F492C4D726C00D38CAA /* Debug */ = {
			isa = XCBuildConfiguration;
			buildSettings = {
				ALWAYS_SEARCH_USER_PATHS = NO;
				ASSETCATALOG_COMPILER_GENERATE_SWIFT_ASSET_SYMBOL_EXTENSIONS = YES;
				CLANG_ANALYZER_NONNULL = YES;
				CLANG_ANALYZER_NUMBER_OBJECT_CONVERSION = YES_AGGRESSIVE;
				CLANG_CXX_LANGUAGE_STANDARD = "gnu++20";
				CLANG_ENABLE_MODULES = YES;
				CLANG_ENABLE_OBJC_ARC = YES;
				CLANG_ENABLE_OBJC_WEAK = YES;
				CLANG_WARN_BLOCK_CAPTURE_AUTORELEASING = YES;
				CLANG_WARN_BOOL_CONVERSION = YES;
				CLANG_WARN_COMMA = YES;
				CLANG_WARN_CONSTANT_CONVERSION = YES;
				CLANG_WARN_DEPRECATED_OBJC_IMPLEMENTATIONS = YES;
				CLANG_WARN_DIRECT_OBJC_ISA_USAGE = YES_ERROR;
				CLANG_WARN_DOCUMENTATION_COMMENTS = YES;
				CLANG_WARN_EMPTY_BODY = YES;
				CLANG_WARN_ENUM_CONVERSION = YES;
				CLANG_WARN_INFINITE_RECURSION = YES;
				CLANG_WARN_INT_CONVERSION = YES;
				CLANG_WARN_NON_LITERAL_NULL_CONVERSION = YES;
				CLANG_WARN_OBJC_IMPLICIT_RETAIN_SELF = YES;
				CLANG_WARN_OBJC_LITERAL_CONVERSION = YES;
				CLANG_WARN_OBJC_ROOT_CLASS = YES_ERROR;
				CLANG_WARN_QUOTED_INCLUDE_IN_FRAMEWORK_HEADER = YES;
				CLANG_WARN_RANGE_LOOP_ANALYSIS = YES;
				CLANG_WARN_STRICT_PROTOTYPES = YES;
				CLANG_WARN_SUSPICIOUS_MOVE = YES;
				CLANG_WARN_UNGUARDED_AVAILABILITY = YES_AGGRESSIVE;
				CLANG_WARN_UNREACHABLE_CODE = YES;
				CLANG_WARN__DUPLICATE_METHOD_MATCH = YES;
				COPY_PHASE_STRIP = NO;
				DEBUG_INFORMATION_FORMAT = dwarf;
				ENABLE_STRICT_OBJC_MSGSEND = YES;
				ENABLE_TESTABILITY = YES;
				ENABLE_USER_SCRIPT_SANDBOXING = YES;
				GCC_C_LANGUAGE_STANDARD = gnu17;
				GCC_DYNAMIC_NO_PIC = NO;
				GCC_NO_COMMON_BLOCKS = YES;
				GCC_OPTIMIZATION_LEVEL = 0;
				GCC_PREPROCESSOR_DEFINITIONS = (
					"DEBUG=1",
					"$(inherited)",
				);
				GCC_WARN_64_TO_32_BIT_CONVERSION = YES;
				GCC_WARN_ABOUT_RETURN_TYPE = YES_ERROR;
				GCC_WARN_UNDECLARED_SELECTOR = YES;
				GCC_WARN_UNINITIALIZED_AUTOS = YES_AGGRESSIVE;
				GCC_WARN_UNUSED_FUNCTION = YES;
				GCC_WARN_UNUSED_VARIABLE = YES;
				IPHONEOS_DEPLOYMENT_TARGET = 17.5;
				LOCALIZATION_PREFERS_STRING_CATALOGS = YES;
				MTL_ENABLE_DEBUG_INFO = INCLUDE_SOURCE;
				MTL_FAST_MATH = YES;
				ONLY_ACTIVE_ARCH = YES;
				SDKROOT = iphoneos;
				SWIFT_ACTIVE_COMPILATION_CONDITIONS = "DEBUG $(inherited)";
				SWIFT_OPTIMIZATION_LEVEL = "-Onone";
			};
			name = Debug;
		};
		69032F4A2C4D726C00D38CAA /* Release */ = {
			isa = XCBuildConfiguration;
			buildSettings = {
				ALWAYS_SEARCH_USER_PATHS = NO;
				ASSETCATALOG_COMPILER_GENERATE_SWIFT_ASSET_SYMBOL_EXTENSIONS = YES;
				CLANG_ANALYZER_NONNULL = YES;
				CLANG_ANALYZER_NUMBER_OBJECT_CONVERSION = YES_AGGRESSIVE;
				CLANG_CXX_LANGUAGE_STANDARD = "gnu++20";
				CLANG_ENABLE_MODULES = YES;
				CLANG_ENABLE_OBJC_ARC = YES;
				CLANG_ENABLE_OBJC_WEAK = YES;
				CLANG_WARN_BLOCK_CAPTURE_AUTORELEASING = YES;
				CLANG_WARN_BOOL_CONVERSION = YES;
				CLANG_WARN_COMMA = YES;
				CLANG_WARN_CONSTANT_CONVERSION = YES;
				CLANG_WARN_DEPRECATED_OBJC_IMPLEMENTATIONS = YES;
				CLANG_WARN_DIRECT_OBJC_ISA_USAGE = YES_ERROR;
				CLANG_WARN_DOCUMENTATION_COMMENTS = YES;
				CLANG_WARN_EMPTY_BODY = YES;
				CLANG_WARN_ENUM_CONVERSION = YES;
				CLANG_WARN_INFINITE_RECURSION = YES;
				CLANG_WARN_INT_CONVERSION = YES;
				CLANG_WARN_NON_LITERAL_NULL_CONVERSION = YES;
				CLANG_WARN_OBJC_IMPLICIT_RETAIN_SELF = YES;
				CLANG_WARN_OBJC_LITERAL_CONVERSION = YES;
				CLANG_WARN_OBJC_ROOT_CLASS = YES_ERROR;
				CLANG_WARN_QUOTED_INCLUDE_IN_FRAMEWORK_HEADER = YES;
				CLANG_WARN_RANGE_LOOP_ANALYSIS = YES;
				CLANG_WARN_STRICT_PROTOTYPES = YES;
				CLANG_WARN_SUSPICIOUS_MOVE = YES;
				CLANG_WARN_UNGUARDED_AVAILABILITY = YES_AGGRESSIVE;
				CLANG_WARN_UNREACHABLE_CODE = YES;
				CLANG_WARN__DUPLICATE_METHOD_MATCH = YES;
				COPY_PHASE_STRIP = NO;
				DEBUG_INFORMATION_FORMAT = "dwarf-with-dsym";
				ENABLE_NS_ASSERTIONS = NO;
				ENABLE_STRICT_OBJC_MSGSEND = YES;
				ENABLE_USER_SCRIPT_SANDBOXING = YES;
				GCC_C_LANGUAGE_STANDARD = gnu17;
				GCC_NO_COMMON_BLOCKS = YES;
				GCC_WARN_64_TO_32_BIT_CONVERSION = YES;
				GCC_WARN_ABOUT_RETURN_TYPE = YES_ERROR;
				GCC_WARN_UNDECLARED_SELECTOR = YES;
				GCC_WARN_UNINITIALIZED_AUTOS = YES_AGGRESSIVE;
				GCC_WARN_UNUSED_FUNCTION = YES;
				GCC_WARN_UNUSED_VARIABLE = YES;
				IPHONEOS_DEPLOYMENT_TARGET = 17.5;
				LOCALIZATION_PREFERS_STRING_CATALOGS = YES;
				MTL_ENABLE_DEBUG_INFO = NO;
				MTL_FAST_MATH = YES;
				SDKROOT = iphoneos;
				SWIFT_COMPILATION_MODE = wholemodule;
				VALIDATE_PRODUCT = YES;
			};
			name = Release;
		};
		69032F4C2C4D726C00D38CAA /* Debug */ = {
			isa = XCBuildConfiguration;
			buildSettings = {
				ASSETCATALOG_COMPILER_APPICON_NAME = AppIcon;
				ASSETCATALOG_COMPILER_GLOBAL_ACCENT_COLOR_NAME = AccentColor;
				CODE_SIGN_STYLE = Automatic;
				CURRENT_PROJECT_VERSION = 1;
				DEVELOPMENT_ASSET_PATHS = "\"NewsMobileApp/Preview Content\"";
				DEVELOPMENT_TEAM = MKL9X5DVG3;
				ENABLE_PREVIEWS = YES;
				GENERATE_INFOPLIST_FILE = YES;
				INFOPLIST_KEY_UIApplicationSceneManifest_Generation = YES;
				INFOPLIST_KEY_UIApplicationSupportsIndirectInputEvents = YES;
				INFOPLIST_KEY_UILaunchScreen_Generation = YES;
				INFOPLIST_KEY_UISupportedInterfaceOrientations_iPad = "UIInterfaceOrientationPortrait UIInterfaceOrientationPortraitUpsideDown UIInterfaceOrientationLandscapeLeft UIInterfaceOrientationLandscapeRight";
				INFOPLIST_KEY_UISupportedInterfaceOrientations_iPhone = "UIInterfaceOrientationPortrait UIInterfaceOrientationLandscapeLeft UIInterfaceOrientationLandscapeRight";
				LD_RUNPATH_SEARCH_PATHS = (
					"$(inherited)",
					"@executable_path/Frameworks",
				);
				MARKETING_VERSION = 1.0;
				PRODUCT_BUNDLE_IDENTIFIER = com.bhara.NewsMobileApp;
				PRODUCT_NAME = "$(TARGET_NAME)";
				SWIFT_EMIT_LOC_STRINGS = YES;
				SWIFT_VERSION = 5.0;
				TARGETED_DEVICE_FAMILY = "1,2";
			};
			name = Debug;
		};
		69032F4D2C4D726C00D38CAA /* Release */ = {
			isa = XCBuildConfiguration;
			buildSettings = {
				ASSETCATALOG_COMPILER_APPICON_NAME = AppIcon;
				ASSETCATALOG_COMPILER_GLOBAL_ACCENT_COLOR_NAME = AccentColor;
				CODE_SIGN_STYLE = Automatic;
				CURRENT_PROJECT_VERSION = 1;
				DEVELOPMENT_ASSET_PATHS = "\"NewsMobileApp/Preview Content\"";
				DEVELOPMENT_TEAM = MKL9X5DVG3;
				ENABLE_PREVIEWS = YES;
				GENERATE_INFOPLIST_FILE = YES;
				INFOPLIST_KEY_UIApplicationSceneManifest_Generation = YES;
				INFOPLIST_KEY_UIApplicationSupportsIndirectInputEvents = YES;
				INFOPLIST_KEY_UILaunchScreen_Generation = YES;
				INFOPLIST_KEY_UISupportedInterfaceOrientations_iPad = "UIInterfaceOrientationPortrait UIInterfaceOrientationPortraitUpsideDown UIInterfaceOrientationLandscapeLeft UIInterfaceOrientationLandscapeRight";
				INFOPLIST_KEY_UISupportedInterfaceOrientations_iPhone = "UIInterfaceOrientationPortrait UIInterfaceOrientationLandscapeLeft UIInterfaceOrientationLandscapeRight";
				LD_RUNPATH_SEARCH_PATHS = (
					"$(inherited)",
					"@executable_path/Frameworks",
				);
				MARKETING_VERSION = 1.0;
				PRODUCT_BUNDLE_IDENTIFIER = com.bhara.NewsMobileApp;
				PRODUCT_NAME = "$(TARGET_NAME)";
				SWIFT_EMIT_LOC_STRINGS = YES;
				SWIFT_VERSION = 5.0;
				TARGETED_DEVICE_FAMILY = "1,2";
			};
			name = Release;
		};
/* End XCBuildConfiguration section */

/* Begin XCConfigurationList section */
		69032F382C4D726A00D38CAA /* Build configuration list for PBXProject "NewsMobileApp" */ = {
			isa = XCConfigurationList;
			buildConfigurations = (
				69032F492C4D726C00D38CAA /* Debug */,
				69032F4A2C4D726C00D38CAA /* Release */,
			);
			defaultConfigurationIsVisible = 0;
			defaultConfigurationName = Release;
		};
		69032F4B2C4D726C00D38CAA /* Build configuration list for PBXNativeTarget "NewsMobileApp" */ = {
			isa = XCConfigurationList;
			buildConfigurations = (
				69032F4C2C4D726C00D38CAA /* Debug */,
				69032F4D2C4D726C00D38CAA /* Release */,
			);
			defaultConfigurationIsVisible = 0;
			defaultConfigurationName = Release;
		};
/* End XCConfigurationList section */
	};
	rootObject = 69032F352C4D726A00D38CAA /* Project object */;
}
